
Microsoft Visual Studio Solution File, Format Version 12.00
# Visual Studio Version 17
VisualStudioVersion = 17.8.34330.188
MinimumVisualStudioVersion = 10.0.40219.1
Project("{9A19103F-16F7-4668-BE54-9A1E7A4F7556}") = "BoardGames.RestApi", "BoardGames.RestApi\BoardGames.RestApi.csproj", "{68971A61-B81A-4963-8DAF-4FBF3AA04574}"
EndProject
Project("{2150E333-8FDC-42A3-9474-1A3956D46DE8}") = "dockers", "dockers", "{1857F73B-0550-4DDD-8862-0A1EFAF6DCFF}"
	ProjectSection(SolutionItems) = preProject
		docker-compose.yml = docker-compose.yml
	EndProjectSection
EndProject
Project("{9A19103F-16F7-4668-BE54-9A1E7A4F7556}") = "BoardGames.DataContract", "BoardGames.DataContract\BoardGames.DataContract.csproj", "{81F33C59-F140-4194-AF8F-B07476D38C77}"
EndProject
Project("{FAE04EC0-301F-11D3-BF4B-00C04F79EFBC}") = "BoardGames.DataAccess", "BoardGames.DataAccess\BoardGames.DataAccess.csproj", "{9CE26031-715E-489A-99BF-50CECDE8A4B2}"
EndProject
Project("{FAE04EC0-301F-11D3-BF4B-00C04F79EFBC}") = "BoardGames.Shared", "BoardGames.Shared\BoardGames.Shared.csproj", "{425D0D00-0A9B-44BD-B926-887F533C61A5}"
EndProject
Global
	GlobalSection(SolutionConfigurationPlatforms) = preSolution
		Debug|Any CPU = Debug|Any CPU
		Release|Any CPU = Release|Any CPU
	EndGlobalSection
	GlobalSection(ProjectConfigurationPlatforms) = postSolution
		{68971A61-B81A-4963-8DAF-4FBF3AA04574}.Debug|Any CPU.ActiveCfg = Debug|Any CPU
		{68971A61-B81A-4963-8DAF-4FBF3AA04574}.Debug|Any CPU.Build.0 = Debug|Any CPU
		{68971A61-B81A-4963-8DAF-4FBF3AA04574}.Release|Any CPU.ActiveCfg = Release|Any CPU
		{68971A61-B81A-4963-8DAF-4FBF3AA04574}.Release|Any CPU.Build.0 = Release|Any CPU
		{81F33C59-F140-4194-AF8F-B07476D38C77}.Debug|Any CPU.ActiveCfg = Debug|Any CPU
		{81F33C59-F140-4194-AF8F-B07476D38C77}.Debug|Any CPU.Build.0 = Debug|Any CPU
		{81F33C59-F140-4194-AF8F-B07476D38C77}.Release|Any CPU.ActiveCfg = Release|Any CPU
		{81F33C59-F140-4194-AF8F-B07476D38C77}.Release|Any CPU.Build.0 = Release|Any CPU
		{9CE26031-715E-489A-99BF-50CECDE8A4B2}.Debug|Any CPU.ActiveCfg = Debug|Any CPU
		{9CE26031-715E-489A-99BF-50CECDE8A4B2}.Debug|Any CPU.Build.0 = Debug|Any CPU
		{9CE26031-715E-489A-99BF-50CECDE8A4B2}.Release|Any CPU.ActiveCfg = Release|Any CPU
		{9CE26031-715E-489A-99BF-50CECDE8A4B2}.Release|Any CPU.Build.0 = Release|Any CPU
		{425D0D00-0A9B-44BD-B926-887F533C61A5}.Debug|Any CPU.ActiveCfg = Debug|Any CPU
		{425D0D00-0A9B-44BD-B926-887F533C61A5}.Debug|Any CPU.Build.0 = Debug|Any CPU
		{425D0D00-0A9B-44BD-B926-887F533C61A5}.Release|Any CPU.ActiveCfg = Release|Any CPU
		{425D0D00-0A9B-44BD-B926-887F533C61A5}.Release|Any CPU.Build.0 = Release|Any CPU
	EndGlobalSection
	GlobalSection(SolutionProperties) = preSolution
		HideSolutionNode = FALSE
	EndGlobalSection
	GlobalSection(ExtensibilityGlobals) = postSolution
		SolutionGuid = {A6C7EA59-F341-4903-9A4A-D3DB6BFEF3D7}
	EndGlobalSection
EndGlobal
